
Microsoft Visual Studio Solution File, Format Version 12.00
# Visual Studio 15
VisualStudioVersion = 15.0.26124.0
MinimumVisualStudioVersion = 15.0.26124.0
Project("{FAE04EC0-301F-11D3-BF4B-00C04F79EFBC}") = "Text", "Text\Text.csproj", "{D2638C27-55D4-496F-B02A-52EE077D240E}"
EndProject
Project("{FAE04EC0-301F-11D3-BF4B-00C04F79EFBC}") = "Text.Tests", "Text.Tests\Text.Tests.csproj", "{665D4ABF-2585-4BDA-9AB1-3981CEC32BE0}"
EndProject
Global
	GlobalSection(SolutionConfigurationPlatforms) = preSolution
		Debug|Any CPU = Debug|Any CPU
		Debug|x64 = Debug|x64
		Debug|x86 = Debug|x86
		Release|Any CPU = Release|Any CPU
		Release|x64 = Release|x64
		Release|x86 = Release|x86
	EndGlobalSection
	GlobalSection(SolutionProperties) = preSolution
		HideSolutionNode = FALSE
	EndGlobalSection
	GlobalSection(ProjectConfigurationPlatforms) = postSolution
		{D2638C27-55D4-496F-B02A-52EE077D240E}.Debug|Any CPU.ActiveCfg = Debug|Any CPU
		{D2638C27-55D4-496F-B02A-52EE077D240E}.Debug|Any CPU.Build.0 = Debug|Any CPU
		{D2638C27-55D4-496F-B02A-52EE077D240E}.Debug|x64.ActiveCfg = Debug|Any CPU
		{D2638C27-55D4-496F-B02A-52EE077D240E}.Debug|x64.Build.0 = Debug|Any CPU
		{D2638C27-55D4-496F-B02A-52EE077D240E}.Debug|x86.ActiveCfg = Debug|Any CPU
		{D2638C27-55D4-496F-B02A-52EE077D240E}.Debug|x86.Build.0 = Debug|Any CPU
		{D2638C27-55D4-496F-B02A-52EE077D240E}.Release|Any CPU.ActiveCfg = Release|Any CPU
		{D2638C27-55D4-496F-B02A-52EE077D240E}.Release|Any CPU.Build.0 = Release|Any CPU
		{D2638C27-55D4-496F-B02A-52EE077D240E}.Release|x64.ActiveCfg = Release|Any CPU
		{D2638C27-55D4-496F-B02A-52EE077D240E}.Release|x64.Build.0 = Release|Any CPU
		{D2638C27-55D4-496F-B02A-52EE077D240E}.Release|x86.ActiveCfg = Release|Any CPU
		{D2638C27-55D4-496F-B02A-52EE077D240E}.Release|x86.Build.0 = Release|Any CPU
		{665D4ABF-2585-4BDA-9AB1-3981CEC32BE0}.Debug|Any CPU.ActiveCfg = Debug|Any CPU
		{665D4ABF-2585-4BDA-9AB1-3981CEC32BE0}.Debug|Any CPU.Build.0 = Debug|Any CPU
		{665D4ABF-2585-4BDA-9AB1-3981CEC32BE0}.Debug|x64.ActiveCfg = Debug|Any CPU
		{665D4ABF-2585-4BDA-9AB1-3981CEC32BE0}.Debug|x64.Build.0 = Debug|Any CPU
		{665D4ABF-2585-4BDA-9AB1-3981CEC32BE0}.Debug|x86.ActiveCfg = Debug|Any CPU
		{665D4ABF-2585-4BDA-9AB1-3981CEC32BE0}.Debug|x86.Build.0 = Debug|Any CPU
		{665D4ABF-2585-4BDA-9AB1-3981CEC32BE0}.Release|Any CPU.ActiveCfg = Release|Any CPU
		{665D4ABF-2585-4BDA-9AB1-3981CEC32BE0}.Release|Any CPU.Build.0 = Release|Any CPU
		{665D4ABF-2585-4BDA-9AB1-3981CEC32BE0}.Release|x64.ActiveCfg = Release|Any CPU
		{665D4ABF-2585-4BDA-9AB1-3981CEC32BE0}.Release|x64.Build.0 = Release|Any CPU
		{665D4ABF-2585-4BDA-9AB1-3981CEC32BE0}.Release|x86.ActiveCfg = Release|Any CPU
		{665D4ABF-2585-4BDA-9AB1-3981CEC32BE0}.Release|x86.Build.0 = Release|Any CPU
	EndGlobalSection
EndGlobal
